{
  "name": "-Stage-Gestion-de-cong-s",
  "lockfileVersion": 3,
  "requires": true,
  "packages": {
    "": {
      "dependencies": {
        "ngx-time-scheduler": "^1.7.1"
      }
    },
    "node_modules/@angular/cdk": {
      "version": "9.2.4",
      "resolved": "https://registry.npmjs.org/@angular/cdk/-/cdk-9.2.4.tgz",
      "integrity": "sha512-iw2+qHMXHYVC6K/fttHeNHIieSKiTEodVutZoOEcBu9rmRTGbLB26V/CRsfIRmA1RBk+uFYWc6UQZnMC3RdnJQ==",
      "optionalDependencies": {
        "parse5": "^5.0.0"
      },
      "peerDependencies": {
        "@angular/common": "^9.0.0 || ^10.0.0-0",
        "@angular/core": "^9.0.0 || ^10.0.0-0",
        "tslib": "^1.9.0"
      }
    },
    "node_modules/moment": {
      "version": "2.29.4",
      "resolved": "https://registry.npmjs.org/moment/-/moment-2.29.4.tgz",
      "integrity": "sha512-5LC9SOxjSc2HF6vO2CyuTDNivEdoz2IvyJJGj6X8DJ0eFyfszE0QiEd+iXmBvUP3WHxSjFH/vIsA0EN00cgr8w==",
      "engines": {
        "node": "*"
      }
    },
    "node_modules/ngx-time-scheduler": {
      "version": "1.7.1",
      "resolved": "https://registry.npmjs.org/ngx-time-scheduler/-/ngx-time-scheduler-1.7.1.tgz",
      "integrity": "sha512-3EXbbKxxJJXO2ZeOAyVsmU+iJjanxoPtCDkcI7kgktrhj0lNnb9jT4brPttrK0rEbbfQKO/hm4J0VerVCu89LA==",
      "dependencies": {
        "@angular/cdk": "^9.2.4",
        "moment": "^2.27.0",
        "tslib": "^1.10.0"
      },
      "peerDependencies": {
        "@angular/cdk": "^9.2.4",
        "@angular/common": "^9.1.11",
        "@angular/core": "^9.1.11",
        "moment": "^2.27.0"
      }
    },
    "node_modules/parse5": {
      "version": "5.1.1",
      "resolved": "https://registry.npmjs.org/parse5/-/parse5-5.1.1.tgz",
      "integrity": "sha512-ugq4DFI0Ptb+WWjAdOK16+u/nHfiIrcE+sh8kZMaM0WllQKLI9rOUq6c2b7cwPkXdzfQESqvoqK6ug7U/Yyzug==",
      "optional": true
    },
    "node_modules/tslib": {
      "version": "1.14.1",
      "resolved": "https://registry.npmjs.org/tslib/-/tslib-1.14.1.tgz",
      "integrity": "sha512-Xni35NKzjgMrwevysHTCArtLDpPvye8zV/0E4EyYn43P7/7qvQwPh9BGkHewbMulVntbigmcT7rdX3BNo9wRJg=="
    }
  }
}
